
Microsoft Visual Studio Solution File, Format Version 12.00
# Visual Studio Version 16
VisualStudioVersion = 25.0.1706.7
MinimumVisualStudioVersion = 10.0.40219.1
Project("{FAE04EC0-301F-11D3-BF4B-00C04F79EFBC}") = "Operators", "Operators\Operators.csproj", "{8A54CC5C-BF04-4FB4-8E85-4BA5A57122D8}"
EndProject
Global
	GlobalSection(SolutionConfigurationPlatforms) = preSolution
		Debug|Any CPU = Debug|Any CPU
		Release|Any CPU = Release|Any CPU
	EndGlobalSection
	GlobalSection(ProjectConfigurationPlatforms) = postSolution
		{8A54CC5C-BF04-4FB4-8E85-4BA5A57122D8}.Debug|Any CPU.ActiveCfg = Debug|Any CPU
		{8A54CC5C-BF04-4FB4-8E85-4BA5A57122D8}.Debug|Any CPU.Build.0 = Debug|Any CPU
		{8A54CC5C-BF04-4FB4-8E85-4BA5A57122D8}.Release|Any CPU.ActiveCfg = Release|Any CPU
		{8A54CC5C-BF04-4FB4-8E85-4BA5A57122D8}.Release|Any CPU.Build.0 = Release|Any CPU
	EndGlobalSection
	GlobalSection(SolutionProperties) = preSolution
		HideSolutionNode = FALSE
	EndGlobalSection
	GlobalSection(ExtensibilityGlobals) = postSolution
		SolutionGuid = {841BC228-5C5C-48B2-91E9-E9A5592C1B9C}
	EndGlobalSection
EndGlobal
